// !$*UTF8*$!
{
	archiveVersion = 1;
	classes = {
	};
	objectVersion = 48;
	objects = {

/* Begin PBXBuildFile section */
		4638737D1FA3342D005C7E7B /* AppDelegate.swift in Sources */ = {isa = PBXBuildFile; fileRef = 4638737C1FA3342D005C7E7B /* AppDelegate.swift */; };
		4638737F1FA3342D005C7E7B /* ViewController.swift in Sources */ = {isa = PBXBuildFile; fileRef = 4638737E1FA3342D005C7E7B /* ViewController.swift */; };
		463873821FA3342D005C7E7B /* Main.storyboard in Resources */ = {isa = PBXBuildFile; fileRef = 463873801FA3342D005C7E7B /* Main.storyboard */; };
		463873841FA3342D005C7E7B /* Assets.xcassets in Resources */ = {isa = PBXBuildFile; fileRef = 463873831FA3342D005C7E7B /* Assets.xcassets */; };
		463873871FA3342D005C7E7B /* LaunchScreen.storyboard in Resources */ = {isa = PBXBuildFile; fileRef = 463873851FA3342D005C7E7B /* LaunchScreen.storyboard */; };
		463873B31FA34816005C7E7B /* PageCell.swift in Sources */ = {isa = PBXBuildFile; fileRef = 463873B21FA34816005C7E7B /* PageCell.swift */; };
		463873B71FA36943005C7E7B /* Page.swift in Sources */ = {isa = PBXBuildFile; fileRef = 463873B61FA36943005C7E7B /* Page.swift */; };
		4662E2471FA45DD000A1E54F /* NoPageCell.xib in Resources */ = {isa = PBXBuildFile; fileRef = 4662E2461FA45DD000A1E54F /* NoPageCell.xib */; };
/* End PBXBuildFile section */

/* Begin PBXFileReference section */
		463873791FA3342D005C7E7B /* Test App.app */ = {isa = PBXFileReference; explicitFileType = wrapper.application; includeInIndex = 0; path = "Test App.app"; sourceTree = BUILT_PRODUCTS_DIR; };
		4638737C1FA3342D005C7E7B /* AppDelegate.swift */ = {isa = PBXFileReference; lastKnownFileType = sourcecode.swift; path = AppDelegate.swift; sourceTree = "<group>"; };
		4638737E1FA3342D005C7E7B /* ViewController.swift */ = {isa = PBXFileReference; lastKnownFileType = sourcecode.swift; path = ViewController.swift; sourceTree = "<group>"; };
		463873811FA3342D005C7E7B /* Base */ = {isa = PBXFileReference; lastKnownFileType = file.storyboard; name = Base; path = Base.lproj/Main.storyboard; sourceTree = "<group>"; };
		463873831FA3342D005C7E7B /* Assets.xcassets */ = {isa = PBXFileReference; lastKnownFileType = folder.assetcatalog; path = Assets.xcassets; sourceTree = "<group>"; };
		463873861FA3342D005C7E7B /* Base */ = {isa = PBXFileReference; lastKnownFileType = file.storyboard; name = Base; path = Base.lproj/LaunchScreen.storyboard; sourceTree = "<group>"; };
		463873881FA3342D005C7E7B /* Info.plist */ = {isa = PBXFileReference; lastKnownFileType = text.plist.xml; path = Info.plist; sourceTree = "<group>"; };
		463873B21FA34816005C7E7B /* PageCell.swift */ = {isa = PBXFileReference; lastKnownFileType = sourcecode.swift; path = PageCell.swift; sourceTree = "<group>"; };
		463873B61FA36943005C7E7B /* Page.swift */ = {isa = PBXFileReference; lastKnownFileType = sourcecode.swift; path = Page.swift; sourceTree = "<group>"; };
		4662E2461FA45DD000A1E54F /* NoPageCell.xib */ = {isa = PBXFileReference; lastKnownFileType = file.xib; path = NoPageCell.xib; sourceTree = "<group>"; };
/* End PBXFileReference section */

/* Begin PBXFrameworksBuildPhase section */
		463873761FA3342D005C7E7B /* Frameworks */ = {
			isa = PBXFrameworksBuildPhase;
			buildActionMask = 2147483647;
			files = (
			);
			runOnlyForDeploymentPostprocessing = 0;
		};
/* End PBXFrameworksBuildPhase section */

/* Begin PBXGroup section */
		463873701FA3342D005C7E7B = {
			isa = PBXGroup;
			children = (
				4638737B1FA3342D005C7E7B /* Test App */,
				4638737A1FA3342D005C7E7B /* Products */,
			);
			sourceTree = "<group>";
		};
		4638737A1FA3342D005C7E7B /* Products */ = {
			isa = PBXGroup;
			children = (
				463873791FA3342D005C7E7B /* Test App.app */,
			);
			name = Products;
			sourceTree = "<group>";
		};
		4638737B1FA3342D005C7E7B /* Test App */ = {
			isa = PBXGroup;
			children = (
				463873B51FA3691F005C7E7B /* Model */,
				463873B41FA36912005C7E7B /* View */,
				46AF2AB71FA37D87007D2B00 /* Controller */,
				4638737C1FA3342D005C7E7B /* AppDelegate.swift */,
				463873801FA3342D005C7E7B /* Main.storyboard */,
				463873831FA3342D005C7E7B /* Assets.xcassets */,
				463873851FA3342D005C7E7B /* LaunchScreen.storyboard */,
				463873881FA3342D005C7E7B /* Info.plist */,
				4662E2461FA45DD000A1E54F /* NoPageCell.xib */,
			);
			path = "Test App";
			sourceTree = "<group>";
		};
		463873B41FA36912005C7E7B /* View */ = {
			isa = PBXGroup;
			children = (
				463873B21FA34816005C7E7B /* PageCell.swift */,
			);
			path = View;
			sourceTree = "<group>";
		};
		463873B51FA3691F005C7E7B /* Model */ = {
			isa = PBXGroup;
			children = (
				463873B61FA36943005C7E7B /* Page.swift */,
			);
			path = Model;
			sourceTree = "<group>";
		};
		46AF2AB71FA37D87007D2B00 /* Controller */ = {
			isa = PBXGroup;
			children = (
				4638737E1FA3342D005C7E7B /* ViewController.swift */,
			);
			path = Controller;
			sourceTree = "<group>";
		};
/* End PBXGroup section */

/* Begin PBXNativeTarget section */
		463873781FA3342D005C7E7B /* Test App */ = {
			isa = PBXNativeTarget;
			buildConfigurationList = 4638738B1FA3342D005C7E7B /* Build configuration list for PBXNativeTarget "Test App" */;
			buildPhases = (
				463873751FA3342D005C7E7B /* Sources */,
				463873761FA3342D005C7E7B /* Frameworks */,
				463873771FA3342D005C7E7B /* Resources */,
			);
			buildRules = (
			);
			dependencies = (
			);
			name = "Test App";
			productName = "Test App";
			productReference = 463873791FA3342D005C7E7B /* Test App.app */;
			productType = "com.apple.product-type.application";
		};
/* End PBXNativeTarget section */

/* Begin PBXProject section */
		463873711FA3342D005C7E7B /* Project object */ = {
			isa = PBXProject;
			attributes = {
				LastSwiftUpdateCheck = 0900;
				LastUpgradeCheck = 0900;
				ORGANIZATIONNAME = "KELVIN LING SHENG SIANG";
				TargetAttributes = {
					463873781FA3342D005C7E7B = {
						CreatedOnToolsVersion = 9.0.1;
						ProvisioningStyle = Automatic;
					};
				};
			};
			buildConfigurationList = 463873741FA3342D005C7E7B /* Build configuration list for PBXProject "Test App" */;
			compatibilityVersion = "Xcode 8.0";
			developmentRegion = en;
			hasScannedForEncodings = 0;
			knownRegions = (
				en,
				Base,
			);
			mainGroup = 463873701FA3342D005C7E7B;
			productRefGroup = 4638737A1FA3342D005C7E7B /* Products */;
			projectDirPath = "";
			projectRoot = "";
			targets = (
				463873781FA3342D005C7E7B /* Test App */,
			);
		};
/* End PBXProject section */

/* Begin PBXResourcesBuildPhase section */
		463873771FA3342D005C7E7B /* Resources */ = {
			isa = PBXResourcesBuildPhase;
			buildActionMask = 2147483647;
			files = (
				463873871FA3342D005C7E7B /* LaunchScreen.storyboard in Resources */,
				4662E2471FA45DD000A1E54F /* NoPageCell.xib in Resources */,
				463873841FA3342D005C7E7B /* Assets.xcassets in Resources */,
				463873821FA3342D005C7E7B /* Main.storyboard in Resources */,
			);
			runOnlyForDeploymentPostprocessing = 0;
		};
/* End PBXResourcesBuildPhase section */

/* Begin PBXSourcesBuildPhase section */
		463873751FA3342D005C7E7B /* Sources */ = {
			isa = PBXSourcesBuildPhase;
			buildActionMask = 2147483647;
			files = (
				4638737F1FA3342D005C7E7B /* ViewController.swift in Sources */,
				4638737D1FA3342D005C7E7B /* AppDelegate.swift in Sources */,
				463873B71FA36943005C7E7B /* Page.swift in Sources */,
				463873B31FA34816005C7E7B /* PageCell.swift in Sources */,
			);
			runOnlyForDeploymentPostprocessing = 0;
		};
/* End PBXSourcesBuildPhase section */

/* Begin PBXVariantGroup section */
		463873801FA3342D005C7E7B /* Main.storyboard */ = {
			isa = PBXVariantGroup;
			children = (
				463873811FA3342D005C7E7B /* Base */,
			);
			name = Main.storyboard;
			sourceTree = "<group>";
		};
		463873851FA3342D005C7E7B /* LaunchScreen.storyboard */ = {
			isa = PBXVariantGroup;
			children = (
				463873861FA3342D005C7E7B /* Base */,
			);
			name = LaunchScreen.storyboard;
			sourceTree = "<group>";
		};
/* End PBXVariantGroup section */

/* Begin XCBuildConfiguration section */
		463873891FA3342D005C7E7B /* Debug */ = {
			isa = XCBuildConfiguration;
			buildSettings = {
				ALWAYS_SEARCH_USER_PATHS = NO;
				CLANG_ANALYZER_NONNULL = YES;
				CLANG_ANALYZER_NUMBER_OBJECT_CONVERSION = YES_AGGRESSIVE;
				CLANG_CXX_LANGUAGE_STANDARD = "gnu++14";
				CLANG_CXX_LIBRARY = "libc++";
				CLANG_ENABLE_MODULES = YES;
				CLANG_ENABLE_OBJC_ARC = YES;
				CLANG_WARN_BLOCK_CAPTURE_AUTORELEASING = YES;
				CLANG_WARN_BOOL_CONVERSION = YES;
				CLANG_WARN_COMMA = YES;
				CLANG_WARN_CONSTANT_CONVERSION = YES;
				CLANG_WARN_DIRECT_OBJC_ISA_USAGE = YES_ERROR;
				CLANG_WARN_DOCUMENTATION_COMMENTS = YES;
				CLANG_WARN_EMPTY_BODY = YES;
				CLANG_WARN_ENUM_CONVERSION = YES;
				CLANG_WARN_INFINITE_RECURSION = YES;
				CLANG_WARN_INT_CONVERSION = YES;
				CLANG_WARN_NON_LITERAL_NULL_CONVERSION = YES;
				CLANG_WARN_OBJC_LITERAL_CONVERSION = YES;
				CLANG_WARN_OBJC_ROOT_CLASS = YES_ERROR;
				CLANG_WARN_RANGE_LOOP_ANALYSIS = YES;
				CLANG_WARN_STRICT_PROTOTYPES = YES;
				CLANG_WARN_SUSPICIOUS_MOVE = YES;
				CLANG_WARN_UNGUARDED_AVAILABILITY = YES_AGGRESSIVE;
				CLANG_WARN_UNREACHABLE_CODE = YES;
				CLANG_WARN__DUPLICATE_METHOD_MATCH = YES;
				CODE_SIGN_IDENTITY = "iPhone Developer";
				COPY_PHASE_STRIP = NO;
				DEBUG_INFORMATION_FORMAT = dwarf;
				ENABLE_STRICT_OBJC_MSGSEND = YES;
				ENABLE_TESTABILITY = YES;
				GCC_C_LANGUAGE_STANDARD = gnu11;
				GCC_DYNAMIC_NO_PIC = NO;
				GCC_NO_COMMON_BLOCKS = YES;
				GCC_OPTIMIZATION_LEVEL = 0;
				GCC_PREPROCESSOR_DEFINITIONS = (
					"DEBUG=1",
					"$(inherited)",
				);
				GCC_WARN_64_TO_32_BIT_CONVERSION = YES;
				GCC_WARN_ABOUT_RETURN_TYPE = YES_ERROR;
				GCC_WARN_UNDECLARED_SELECTOR = YES;
				GCC_WARN_UNINITIALIZED_AUTOS = YES_AGGRESSIVE;
				GCC_WARN_UNUSED_FUNCTION = YES;
				GCC_WARN_UNUSED_VARIABLE = YES;
				IPHONEOS_DEPLOYMENT_TARGET = 11.0;
				MTL_ENABLE_DEBUG_INFO = YES;
				ONLY_ACTIVE_ARCH = YES;
				SDKROOT = iphoneos;
				SWIFT_ACTIVE_COMPILATION_CONDITIONS = DEBUG;
				SWIFT_OPTIMIZATION_LEVEL = "-Onone";
			};
			name = Debug;
		};
		4638738A1FA3342D005C7E7B /* Release */ = {
			isa = XCBuildConfiguration;
			buildSettings = {
				ALWAYS_SEARCH_USER_PATHS = NO;
				CLANG_ANALYZER_NONNULL = YES;
				CLANG_ANALYZER_NUMBER_OBJECT_CONVERSION = YES_AGGRESSIVE;
				CLANG_CXX_LANGUAGE_STANDARD = "gnu++14";
				CLANG_CXX_LIBRARY = "libc++";
				CLANG_ENABLE_MODULES = YES;
				CLANG_ENABLE_OBJC_ARC = YES;
				CLANG_WARN_BLOCK_CAPTURE_AUTORELEASING = YES;
				CLANG_WARN_BOOL_CONVERSION = YES;
				CLANG_WARN_COMMA = YES;
				CLANG_WARN_CONSTANT_CONVERSION = YES;
				CLANG_WARN_DIRECT_OBJC_ISA_USAGE = YES_ERROR;
				CLANG_WARN_DOCUMENTATION_COMMENTS = YES;
				CLANG_WARN_EMPTY_BODY = YES;
				CLANG_WARN_ENUM_CONVERSION = YES;
				CLANG_WARN_INFINITE_RECURSION = YES;
				CLANG_WARN_INT_CONVERSION = YES;
				CLANG_WARN_NON_LITERAL_NULL_CONVERSION = YES;
				CLANG_WARN_OBJC_LITERAL_CONVERSION = YES;
				CLANG_WARN_OBJC_ROOT_CLASS = YES_ERROR;
				CLANG_WARN_RANGE_LOOP_ANALYSIS = YES;
				CLANG_WARN_STRICT_PROTOTYPES = YES;
				CLANG_WARN_SUSPICIOUS_MOVE = YES;
				CLANG_WARN_UNGUARDED_AVAILABILITY = YES_AGGRESSIVE;
				CLANG_WARN_UNREACHABLE_CODE = YES;
				CLANG_WARN__DUPLICATE_METHOD_MATCH = YES;
				CODE_SIGN_IDENTITY = "iPhone Developer";
				COPY_PHASE_STRIP = NO;
				DEBUG_INFORMATION_FORMAT = "dwarf-with-dsym";
				ENABLE_NS_ASSERTIONS = NO;
				ENABLE_STRICT_OBJC_MSGSEND = YES;
				GCC_C_LANGUAGE_STANDARD = gnu11;
				GCC_NO_COMMON_BLOCKS = YES;
				GCC_WARN_64_TO_32_BIT_CONVERSION = YES;
				GCC_WARN_ABOUT_RETURN_TYPE = YES_ERROR;
				GCC_WARN_UNDECLARED_SELECTOR = YES;
				GCC_WARN_UNINITIALIZED_AUTOS = YES_AGGRESSIVE;
				GCC_WARN_UNUSED_FUNCTION = YES;
				GCC_WARN_UNUSED_VARIABLE = YES;
				IPHONEOS_DEPLOYMENT_TARGET = 11.0;
				MTL_ENABLE_DEBUG_INFO = NO;
				SDKROOT = iphoneos;
				SWIFT_OPTIMIZATION_LEVEL = "-Owholemodule";
				VALIDATE_PRODUCT = YES;
			};
			name = Release;
		};
		4638738C1FA3342D005C7E7B /* Debug */ = {
			isa = XCBuildConfiguration;
			buildSettings = {
				ASSETCATALOG_COMPILER_APPICON_NAME = AppIcon;
				CODE_SIGN_STYLE = Automatic;
				DEVELOPMENT_TEAM = ATE3429LZ6;
				INFOPLIST_FILE = "Test App/Info.plist";
				LD_RUNPATH_SEARCH_PATHS = "$(inherited) @executable_path/Frameworks";
				PRODUCT_BUNDLE_IDENTIFIER = "com.kelvin.9393.Test-App";
				PRODUCT_NAME = "$(TARGET_NAME)";
				SWIFT_VERSION = 4.0;
				TARGETED_DEVICE_FAMILY = "1,2";
			};
			name = Debug;
		};
		4638738D1FA3342D005C7E7B /* Release */ = {
			isa = XCBuildConfiguration;
			buildSettings = {
				ASSETCATALOG_COMPILER_APPICON_NAME = AppIcon;
				CODE_SIGN_STYLE = Automatic;
				DEVELOPMENT_TEAM = ATE3429LZ6;
				INFOPLIST_FILE = "Test App/Info.plist";
				LD_RUNPATH_SEARCH_PATHS = "$(inherited) @executable_path/Frameworks";
				PRODUCT_BUNDLE_IDENTIFIER = "com.kelvin.9393.Test-App";
				PRODUCT_NAME = "$(TARGET_NAME)";
				SWIFT_VERSION = 4.0;
				TARGETED_DEVICE_FAMILY = "1,2";
			};
			name = Release;
		};
/* End XCBuildConfiguration section */

/* Begin XCConfigurationList section */
		463873741FA3342D005C7E7B /* Build configuration list for PBXProject "Test App" */ = {
			isa = XCConfigurationList;
			buildConfigurations = (
				463873891FA3342D005C7E7B /* Debug */,
				4638738A1FA3342D005C7E7B /* Release */,
			);
			defaultConfigurationIsVisible = 0;
			defaultConfigurationName = Release;
		};
		4638738B1FA3342D005C7E7B /* Build configuration list for PBXNativeTarget "Test App" */ = {
			isa = XCConfigurationList;
			buildConfigurations = (
				4638738C1FA3342D005C7E7B /* Debug */,
				4638738D1FA3342D005C7E7B /* Release */,
			);
			defaultConfigurationIsVisible = 0;
			defaultConfigurationName = Release;
		};
/* End XCConfigurationList section */
	};
	rootObject = 463873711FA3342D005C7E7B /* Project object */;
}
